
Microsoft Visual Studio Solution File, Format Version 12.00
# Visual Studio Version 16
VisualStudioVersion = 16.0.29209.62
MinimumVisualStudioVersion = 10.0.40219.1
Project("{FAE04EC0-301F-11D3-BF4B-00C04F79EFBC}") = "ZaloZneNewATest", "ZaloZneNewATest\ZaloZneNewATest.csproj", "{998CD77F-9AAF-44F2-8C15-30A9C612960B}"
EndProject
Global
	GlobalSection(SolutionConfigurationPlatforms) = preSolution
		Debug|Any CPU = Debug|Any CPU
		Release|Any CPU = Release|Any CPU
	EndGlobalSection
	GlobalSection(ProjectConfigurationPlatforms) = postSolution
		{998CD77F-9AAF-44F2-8C15-30A9C612960B}.Debug|Any CPU.ActiveCfg = Debug|Any CPU
		{998CD77F-9AAF-44F2-8C15-30A9C612960B}.Debug|Any CPU.Build.0 = Debug|Any CPU
		{998CD77F-9AAF-44F2-8C15-30A9C612960B}.Release|Any CPU.ActiveCfg = Release|Any CPU
		{998CD77F-9AAF-44F2-8C15-30A9C612960B}.Release|Any CPU.Build.0 = Release|Any CPU
	EndGlobalSection
	GlobalSection(SolutionProperties) = preSolution
		HideSolutionNode = FALSE
	EndGlobalSection
	GlobalSection(ExtensibilityGlobals) = postSolution
		SolutionGuid = {D76BC553-A73A-470E-BD0F-98021DE90EB8}
	EndGlobalSection
EndGlobal
